# THIS IS AN AUTOGENERATED FILE. DO NOT EDIT THIS FILE DIRECTLY.
# yarn lockfile v1


"@types/node@^11.11.6":
  version "11.11.6"
  resolved "https://registry.yarnpkg.com/@types/node/-/node-11.11.6.tgz#df929d1bb2eee5afdda598a41930fe50b43eaa6a"
  integrity sha512-Exw4yUWMBXM3X+8oqzJNRqZSwUAaS4+7NdvHqQuFi/d+synz++xmX3QIf+BFqneW8N31R8Ky+sikfZUXq07ggQ==

aws-sdk@^2.427.0:
  version "2.427.0"
  resolved "https://registry.yarnpkg.com/aws-sdk/-/aws-sdk-2.427.0.tgz#74c3d7d3d57229ea07eb19232a9310b3b775ddf6"
  integrity sha512-NpFNZa7Wt9fQ8hRLt40OD1ii3qnIhUkpXH4fMSjXP2YqGxCYAHYRj2yARN86YJKCMH566+QobTRyPjtgEWmMKA==
  dependencies:
    buffer "4.9.1"
    events "1.1.1"
    ieee754 "1.1.8"
    jmespath "0.15.0"
    querystring "0.2.0"
    sax "1.2.1"
    url "0.10.3"
    uuid "3.3.2"
    xml2js "0.4.19"

base64-js@^1.0.2:
  version "1.3.0"
  resolved "https://registry.yarnpkg.com/base64-js/-/base64-js-1.3.0.tgz#cab1e6118f051095e58b5281aea8c1cd22bfc0e3"
  integrity sha512-ccav/yGvoa80BQDljCxsmmQ3Xvx60/UpBIij5QN21W3wBi/hhIC9OoO+KLpu9IJTS9j4DRVJ3aDDF9cMSoa2lw==

buffer@4.9.1:
  version "4.9.1"
  resolved "https://registry.yarnpkg.com/buffer/-/buffer-4.9.1.tgz#6d1bb601b07a4efced97094132093027c95bc298"
  integrity sha1-bRu2AbB6TvztlwlBMgkwJ8lbwpg=
  dependencies:
    base64-js "^1.0.2"
    ieee754 "^1.1.4"
    isarray "^1.0.0"

charenc@~0.0.1:
  version "0.0.2"
  resolved "https://registry.yarnpkg.com/charenc/-/charenc-0.0.2.tgz#c0a1d2f3a7092e03774bfa83f14c0fc5790a8667"
  integrity sha1-wKHS86cJLgN3S/qD8UwPxXkKhmc=

concurrify@^1.1.1:
  version "1.1.1"
  resolved "https://registry.yarnpkg.com/concurrify/-/concurrify-1.1.1.tgz#e903b6500b2ce9af7ac51bd5f2161f8db33cfb41"
  integrity sha512-m2UMqZAJ7Ys4Juu0IaToa/RbVuu5jR8dGVrwUOeQtfJjX0KDimUdPZ20tVrdSuqJwLaFbpI+lWxOmZSYxyCvmQ==
  dependencies:
    sanctuary-show "^1.0.0"
    sanctuary-type-identifiers "^2.0.0"

crypt@~0.0.1:
  version "0.0.2"
  resolved "https://registry.yarnpkg.com/crypt/-/crypt-0.0.2.tgz#88d7ff7ec0dfb86f713dc87bbb42d044d3e6c41b"
  integrity sha1-iNf/fsDfuG9xPch7u0LQRNPmxBs=

events@1.1.1:
  version "1.1.1"
  resolved "https://registry.yarnpkg.com/events/-/events-1.1.1.tgz#9ebdb7635ad099c70dcc4c2a1f5004288e8bd924"
  integrity sha1-nr23Y1rQmccNzEwqH1AEKI6L2SQ=

fluture@^11.0.1:
  version "11.0.1"
  resolved "https://registry.yarnpkg.com/fluture/-/fluture-11.0.1.tgz#e7b0dace991bbe9670e73aa35cd170147ae00f4b"
  integrity sha512-3sLKXzScs6mQByQefKrlJ4D6dPPIIcy6yvDivnUzs4GNxaKBLAQu9vxkZ9WQpFb7BuhpQgS+sr6z/+f4KLGrOg==
  dependencies:
    concurrify "^1.1.1"
    sanctuary-show "^1.0.0"
    sanctuary-type-identifiers "^2.0.0"

ieee754@1.1.8:
  version "1.1.8"
  resolved "https://registry.yarnpkg.com/ieee754/-/ieee754-1.1.8.tgz#be33d40ac10ef1926701f6f08a2d86fbfd1ad3e4"
  integrity sha1-vjPUCsEO8ZJnAfbwii2G+/0a0+Q=

ieee754@^1.1.4:
  version "1.1.12"
  resolved "https://registry.yarnpkg.com/ieee754/-/ieee754-1.1.12.tgz#50bf24e5b9c8bb98af4964c941cdb0918da7b60b"
  integrity sha512-GguP+DRY+pJ3soyIiGPTvdiVXjZ+DbXOxGpXn3eMvNW4x4irjqXm4wHKscC+TfxSJ0yw/S1F24tqdMNsMZTiLA==

is-buffer@~1.1.1:
  version "1.1.6"
  resolved "https://registry.yarnpkg.com/is-buffer/-/is-buffer-1.1.6.tgz#efaa2ea9daa0d7ab2ea13a97b2b8ad51fefbe8be"
  integrity sha512-NcdALwpXkTm5Zvvbk7owOUSvVvBKDgKP5/ewfXEznmQFfs4ZRmanOeKBTjRVjka3QFoN6XJ+9F3USqfHqTaU5w==

isarray@^1.0.0:
  version "1.0.0"
  resolved "https://registry.yarnpkg.com/isarray/-/isarray-1.0.0.tgz#bb935d48582cba168c06834957a54a3e07124f11"
  integrity sha1-u5NdSFgsuhaMBoNJV6VKPgcSTxE=

jmespath@0.15.0:
  version "0.15.0"
  resolved "https://registry.yarnpkg.com/jmespath/-/jmespath-0.15.0.tgz#a3f222a9aae9f966f5d27c796510e28091764217"
  integrity sha1-o/Iiqarp+Wb10nx5ZRDigJF2Qhc=

md5@^2.2.1:
  version "2.2.1"
  resolved "https://registry.yarnpkg.com/md5/-/md5-2.2.1.tgz#53ab38d5fe3c8891ba465329ea23fac0540126f9"
  integrity sha1-U6s41f48iJG6RlMp6iP6wFQBJvk=
  dependencies:
    charenc "~0.0.1"
    crypt "~0.0.1"
    is-buffer "~1.1.1"

punycode@1.3.2:
  version "1.3.2"
  resolved "https://registry.yarnpkg.com/punycode/-/punycode-1.3.2.tgz#9653a036fb7c1ee42342f2325cceefea3926c48d"
  integrity sha1-llOgNvt8HuQjQvIyXM7v6jkmxI0=

querystring@0.2.0:
  version "0.2.0"
  resolved "https://registry.yarnpkg.com/querystring/-/querystring-0.2.0.tgz#b209849203bb25df820da756e747005878521620"
  integrity sha1-sgmEkgO7Jd+CDadW50cAWHhSFiA=

reflect-metadata@^0.1.13:
  version "0.1.13"
  resolved "https://registry.yarnpkg.com/reflect-metadata/-/reflect-metadata-0.1.13.tgz#67ae3ca57c972a2aa1642b10fe363fe32d49dc08"
  integrity sha512-Ts1Y/anZELhSsjMcU605fU9RE4Oi3p5ORujwbIKXfWa+0Zxs510Qrmrce5/Jowq3cHSZSJqBjypxmHarc+vEWg==

sanctuary-show@^1.0.0:
  version "1.0.0"
  resolved "https://registry.yarnpkg.com/sanctuary-show/-/sanctuary-show-1.0.0.tgz#72deb4812f9decec850e03286807dca1c97a1d61"
  integrity sha512-63UqNGr5M6wkzKp6eGc/Gy6JBIV2PbzPd3q88+0F9z0qydAQsCWJ+7e4oor39rEEwj2GkZMDEhqGuiMl9eEnYw==

sanctuary-type-identifiers@^2.0.0:
  version "2.0.1"
  resolved "https://registry.yarnpkg.com/sanctuary-type-identifiers/-/sanctuary-type-identifiers-2.0.1.tgz#fc524cf6dd92cebfcbb0dd9509eff193159a20ed"
  integrity sha1-/FJM9t2Szr/LsN2VCe/xkxWaIO0=

sax@1.2.1:
  version "1.2.1"
  resolved "https://registry.yarnpkg.com/sax/-/sax-1.2.1.tgz#7b8e656190b228e81a66aea748480d828cd2d37a"
  integrity sha1-e45lYZCyKOgaZq6nSEgNgozS03o=

sax@>=0.6.0:
  version "1.2.4"
  resolved "https://registry.yarnpkg.com/sax/-/sax-1.2.4.tgz#2816234e2378bddc4e5354fab5caa895df7100d9"
  integrity sha512-NqVDv9TpANUjFm0N8uM5GxL36UgKi9/atZw+x7YFnQ8ckwFGKrl4xX4yWtrey3UJm5nP1kUbnYgLopqWNSRhWw==

typescript@^3.3.4000:
  version "3.3.4000"
  resolved "https://registry.yarnpkg.com/typescript/-/typescript-3.3.4000.tgz#76b0f89cfdbf97827e1112d64f283f1151d6adf0"
  integrity sha512-jjOcCZvpkl2+z7JFn0yBOoLQyLoIkNZAs/fYJkUG6VKy6zLPHJGfQJYFHzibB6GJaF/8QrcECtlQ5cpvRHSMEA==

url@0.10.3:
  version "0.10.3"
  resolved "https://registry.yarnpkg.com/url/-/url-0.10.3.tgz#021e4d9c7705f21bbf37d03ceb58767402774c64"
  integrity sha1-Ah5NnHcF8hu/N9A861h2dAJ3TGQ=
  dependencies:
    punycode "1.3.2"
    querystring "0.2.0"

uuid@3.3.2:
  version "3.3.2"
  resolved "https://registry.yarnpkg.com/uuid/-/uuid-3.3.2.tgz#1b4af4955eb3077c501c23872fc6513811587131"
  integrity sha512-yXJmeNaw3DnnKAOKJE51sL/ZaYfWJRl1pK9dr19YFCu0ObS231AB1/LbqTKRAQ5kw8A90rA6fr4riOUpTZvQZA==

xml2js@0.4.19:
  version "0.4.19"
  resolved "https://registry.yarnpkg.com/xml2js/-/xml2js-0.4.19.tgz#686c20f213209e94abf0d1bcf1efaa291c7827a7"
  integrity sha512-esZnJZJOiJR9wWKMyuvSE1y6Dq5LCuJanqhxslH2bxM6duahNZ+HMpCLhBQGZkbX6xRf8x1Y2eJlgt2q3qo49Q==
  dependencies:
    sax ">=0.6.0"
    xmlbuilder "~9.0.1"

xmlbuilder@~9.0.1:
  version "9.0.7"
  resolved "https://registry.yarnpkg.com/xmlbuilder/-/xmlbuilder-9.0.7.tgz#132ee63d2ec5565c557e20f4c22df9aca686b10d"
  integrity sha1-Ey7mPS7FVlxVfiD0wi35rKaGsQ0=
